// !$*UTF8*$!
{
	archiveVersion = 1;
	classes = {
	};
	objectVersion = 56;
	objects = {

/* Begin PBXBuildFile section */
		E333C7402D0ED5650062FDA0 /* AppDelegate.swift in Sources */ = {isa = PBXBuildFile; fileRef = E333C73F2D0ED5650062FDA0 /* AppDelegate.swift */; };
		E333C7422D0ED5650062FDA0 /* SceneDelegate.swift in Sources */ = {isa = PBXBuildFile; fileRef = E333C7412D0ED5650062FDA0 /* SceneDelegate.swift */; };
		E333C7442D0ED5650062FDA0 /* ViewController.swift in Sources */ = {isa = PBXBuildFile; fileRef = E333C7432D0ED5650062FDA0 /* ViewController.swift */; };
		E333C7472D0ED5650062FDA0 /* Main.storyboard in Resources */ = {isa = PBXBuildFile; fileRef = E333C7452D0ED5650062FDA0 /* Main.storyboard */; };
		E333C7492D0ED5650062FDA0 /* Assets.xcassets in Resources */ = {isa = PBXBuildFile; fileRef = E333C7482D0ED5650062FDA0 /* Assets.xcassets */; };
		E333C74C2D0ED5650062FDA0 /* LaunchScreen.storyboard in Resources */ = {isa = PBXBuildFile; fileRef = E333C74A2D0ED5650062FDA0 /* LaunchScreen.storyboard */; };
		E333C7572D0ED5660062FDA0 /* TikTokSampleAppTests.swift in Sources */ = {isa = PBXBuildFile; fileRef = E333C7562D0ED5660062FDA0 /* TikTokSampleAppTests.swift */; };
		E333C7612D0ED5660062FDA0 /* TikTokSampleAppUITests.swift in Sources */ = {isa = PBXBuildFile; fileRef = E333C7602D0ED5660062FDA0 /* TikTokSampleAppUITests.swift */; };
		E333C7632D0ED5660062FDA0 /* TikTokSampleAppUITestsLaunchTests.swift in Sources */ = {isa = PBXBuildFile; fileRef = E333C7622D0ED5660062FDA0 /* TikTokSampleAppUITestsLaunchTests.swift */; };
		E333C7712D0ED6ED0062FDA0 /* TikTokCollectionViewCell.swift in Sources */ = {isa = PBXBuildFile; fileRef = E333C76F2D0ED6ED0062FDA0 /* TikTokCollectionViewCell.swift */; };
		E333C7722D0ED6ED0062FDA0 /* TikTokCollectionViewCell.xib in Resources */ = {isa = PBXBuildFile; fileRef = E333C7702D0ED6ED0062FDA0 /* TikTokCollectionViewCell.xib */; };
		E333C7742D0ED89F0062FDA0 /* VideoData.json in Resources */ = {isa = PBXBuildFile; fileRef = E333C7732D0ED89F0062FDA0 /* VideoData.json */; };
		E333C7762D0ED8D70062FDA0 /* CommentData.json in Resources */ = {isa = PBXBuildFile; fileRef = E333C7752D0ED8D70062FDA0 /* CommentData.json */; };
		E333C7782D0ED9370062FDA0 /* String.swift in Sources */ = {isa = PBXBuildFile; fileRef = E333C7772D0ED9370062FDA0 /* String.swift */; };
		E333C77A2D0ED9FF0062FDA0 /* VideoService.swift in Sources */ = {isa = PBXBuildFile; fileRef = E333C7792D0ED9FF0062FDA0 /* VideoService.swift */; };
		E333C77D2D0EDAF50062FDA0 /* VideoModelData.swift in Sources */ = {isa = PBXBuildFile; fileRef = E333C77B2D0EDAF50062FDA0 /* VideoModelData.swift */; };
		E333C77F2D0EDB0F0062FDA0 /* CommentModelData.swift in Sources */ = {isa = PBXBuildFile; fileRef = E333C77E2D0EDB0F0062FDA0 /* CommentModelData.swift */; };
		E333C7822D0EE0D10062FDA0 /* TikTokViewModel.swift in Sources */ = {isa = PBXBuildFile; fileRef = E333C7812D0EE0D10062FDA0 /* TikTokViewModel.swift */; };
		E333C7842D0EE3490062FDA0 /* CommonError.swift in Sources */ = {isa = PBXBuildFile; fileRef = E333C7832D0EE3490062FDA0 /* CommonError.swift */; };
		E333C7872D0EED5E0062FDA0 /* Lottie in Frameworks */ = {isa = PBXBuildFile; productRef = E333C7862D0EED5E0062FDA0 /* Lottie */; };
		E333C78A2D0EEDC20062FDA0 /* CommentsTableViewCell.swift in Sources */ = {isa = PBXBuildFile; fileRef = E333C7882D0EEDC20062FDA0 /* CommentsTableViewCell.swift */; };
		E333C78B2D0EEDC20062FDA0 /* CommentsTableViewCell.xib in Resources */ = {isa = PBXBuildFile; fileRef = E333C7892D0EEDC20062FDA0 /* CommentsTableViewCell.xib */; };
		E333C78D2D0EF2310062FDA0 /* UIImageExtension.swift in Sources */ = {isa = PBXBuildFile; fileRef = E333C78C2D0EF2310062FDA0 /* UIImageExtension.swift */; };
		E333C78F2D0F00360062FDA0 /* CustomCommentView.swift in Sources */ = {isa = PBXBuildFile; fileRef = E333C78E2D0F00360062FDA0 /* CustomCommentView.swift */; };
		E333C7912D0F00450062FDA0 /* CustomCommentView.xib in Resources */ = {isa = PBXBuildFile; fileRef = E333C7902D0F00450062FDA0 /* CustomCommentView.xib */; };
		E333C7932D0F03290062FDA0 /* UIViewExtension.swift in Sources */ = {isa = PBXBuildFile; fileRef = E333C7922D0F03290062FDA0 /* UIViewExtension.swift */; };
		E333C7952D0F04DA0062FDA0 /* UIViewControllerExtension.swift in Sources */ = {isa = PBXBuildFile; fileRef = E333C7942D0F04DA0062FDA0 /* UIViewControllerExtension.swift */; };
		E333C7A12D0F0C410062FDA0 /* TimerService.swift in Sources */ = {isa = PBXBuildFile; fileRef = E333C7A02D0F0C410062FDA0 /* TimerService.swift */; };
		E333C7A32D0F12540062FDA0 /* HeartLottie.json in Resources */ = {isa = PBXBuildFile; fileRef = E333C7A22D0F12530062FDA0 /* HeartLottie.json */; };
/* End PBXBuildFile section */

/* Begin PBXContainerItemProxy section */
		E333C7532D0ED5660062FDA0 /* PBXContainerItemProxy */ = {
			isa = PBXContainerItemProxy;
			containerPortal = E333C7342D0ED5640062FDA0 /* Project object */;
			proxyType = 1;
			remoteGlobalIDString = E333C73B2D0ED5650062FDA0;
			remoteInfo = TikTokSampleApp;
		};
		E333C75D2D0ED5660062FDA0 /* PBXContainerItemProxy */ = {
			isa = PBXContainerItemProxy;
			containerPortal = E333C7342D0ED5640062FDA0 /* Project object */;
			proxyType = 1;
			remoteGlobalIDString = E333C73B2D0ED5650062FDA0;
			remoteInfo = TikTokSampleApp;
		};
/* End PBXContainerItemProxy section */

/* Begin PBXFileReference section */
		E333C73C2D0ED5650062FDA0 /* TikTokSampleApp.app */ = {isa = PBXFileReference; explicitFileType = wrapper.application; includeInIndex = 0; path = TikTokSampleApp.app; sourceTree = BUILT_PRODUCTS_DIR; };
		E333C73F2D0ED5650062FDA0 /* AppDelegate.swift */ = {isa = PBXFileReference; lastKnownFileType = sourcecode.swift; path = AppDelegate.swift; sourceTree = "<group>"; };
		E333C7412D0ED5650062FDA0 /* SceneDelegate.swift */ = {isa = PBXFileReference; lastKnownFileType = sourcecode.swift; path = SceneDelegate.swift; sourceTree = "<group>"; };
		E333C7432D0ED5650062FDA0 /* ViewController.swift */ = {isa = PBXFileReference; lastKnownFileType = sourcecode.swift; path = ViewController.swift; sourceTree = "<group>"; };
		E333C7462D0ED5650062FDA0 /* Base */ = {isa = PBXFileReference; lastKnownFileType = file.storyboard; name = Base; path = Base.lproj/Main.storyboard; sourceTree = "<group>"; };
		E333C7482D0ED5650062FDA0 /* Assets.xcassets */ = {isa = PBXFileReference; lastKnownFileType = folder.assetcatalog; path = Assets.xcassets; sourceTree = "<group>"; };
		E333C74B2D0ED5650062FDA0 /* Base */ = {isa = PBXFileReference; lastKnownFileType = file.storyboard; name = Base; path = Base.lproj/LaunchScreen.storyboard; sourceTree = "<group>"; };
		E333C74D2D0ED5650062FDA0 /* Info.plist */ = {isa = PBXFileReference; lastKnownFileType = text.plist.xml; path = Info.plist; sourceTree = "<group>"; };
		E333C7522D0ED5660062FDA0 /* TikTokSampleAppTests.xctest */ = {isa = PBXFileReference; explicitFileType = wrapper.cfbundle; includeInIndex = 0; path = TikTokSampleAppTests.xctest; sourceTree = BUILT_PRODUCTS_DIR; };
		E333C7562D0ED5660062FDA0 /* TikTokSampleAppTests.swift */ = {isa = PBXFileReference; lastKnownFileType = sourcecode.swift; path = TikTokSampleAppTests.swift; sourceTree = "<group>"; };
		E333C75C2D0ED5660062FDA0 /* TikTokSampleAppUITests.xctest */ = {isa = PBXFileReference; explicitFileType = wrapper.cfbundle; includeInIndex = 0; path = TikTokSampleAppUITests.xctest; sourceTree = BUILT_PRODUCTS_DIR; };
		E333C7602D0ED5660062FDA0 /* TikTokSampleAppUITests.swift */ = {isa = PBXFileReference; lastKnownFileType = sourcecode.swift; path = TikTokSampleAppUITests.swift; sourceTree = "<group>"; };
		E333C7622D0ED5660062FDA0 /* TikTokSampleAppUITestsLaunchTests.swift */ = {isa = PBXFileReference; lastKnownFileType = sourcecode.swift; path = TikTokSampleAppUITestsLaunchTests.swift; sourceTree = "<group>"; };
		E333C76F2D0ED6ED0062FDA0 /* TikTokCollectionViewCell.swift */ = {isa = PBXFileReference; lastKnownFileType = sourcecode.swift; path = TikTokCollectionViewCell.swift; sourceTree = "<group>"; };
		E333C7702D0ED6ED0062FDA0 /* TikTokCollectionViewCell.xib */ = {isa = PBXFileReference; lastKnownFileType = file.xib; path = TikTokCollectionViewCell.xib; sourceTree = "<group>"; };
		E333C7732D0ED89F0062FDA0 /* VideoData.json */ = {isa = PBXFileReference; lastKnownFileType = text.json; path = VideoData.json; sourceTree = "<group>"; };
		E333C7752D0ED8D70062FDA0 /* CommentData.json */ = {isa = PBXFileReference; lastKnownFileType = text.json; path = CommentData.json; sourceTree = "<group>"; };
		E333C7772D0ED9370062FDA0 /* String.swift */ = {isa = PBXFileReference; lastKnownFileType = sourcecode.swift; path = String.swift; sourceTree = "<group>"; };
		E333C7792D0ED9FF0062FDA0 /* VideoService.swift */ = {isa = PBXFileReference; lastKnownFileType = sourcecode.swift; path = VideoService.swift; sourceTree = "<group>"; };
		E333C77C2D0EDAF50062FDA0 /* Base */ = {isa = PBXFileReference; lastKnownFileType = sourcecode.swift; name = Base; path = Base.lproj/VideoModelData.swift; sourceTree = "<group>"; };
		E333C77E2D0EDB0F0062FDA0 /* CommentModelData.swift */ = {isa = PBXFileReference; lastKnownFileType = sourcecode.swift; path = CommentModelData.swift; sourceTree = "<group>"; };
		E333C7812D0EE0D10062FDA0 /* TikTokViewModel.swift */ = {isa = PBXFileReference; lastKnownFileType = sourcecode.swift; path = TikTokViewModel.swift; sourceTree = "<group>"; };
		E333C7832D0EE3490062FDA0 /* CommonError.swift */ = {isa = PBXFileReference; lastKnownFileType = sourcecode.swift; path = CommonError.swift; sourceTree = "<group>"; };
		E333C7882D0EEDC20062FDA0 /* CommentsTableViewCell.swift */ = {isa = PBXFileReference; lastKnownFileType = sourcecode.swift; path = CommentsTableViewCell.swift; sourceTree = "<group>"; };
		E333C7892D0EEDC20062FDA0 /* CommentsTableViewCell.xib */ = {isa = PBXFileReference; lastKnownFileType = file.xib; path = CommentsTableViewCell.xib; sourceTree = "<group>"; };
		E333C78C2D0EF2310062FDA0 /* UIImageExtension.swift */ = {isa = PBXFileReference; lastKnownFileType = sourcecode.swift; path = UIImageExtension.swift; sourceTree = "<group>"; };
		E333C78E2D0F00360062FDA0 /* CustomCommentView.swift */ = {isa = PBXFileReference; lastKnownFileType = sourcecode.swift; path = CustomCommentView.swift; sourceTree = "<group>"; };
		E333C7902D0F00450062FDA0 /* CustomCommentView.xib */ = {isa = PBXFileReference; lastKnownFileType = file.xib; path = CustomCommentView.xib; sourceTree = "<group>"; };
		E333C7922D0F03290062FDA0 /* UIViewExtension.swift */ = {isa = PBXFileReference; lastKnownFileType = sourcecode.swift; path = UIViewExtension.swift; sourceTree = "<group>"; };
		E333C7942D0F04DA0062FDA0 /* UIViewControllerExtension.swift */ = {isa = PBXFileReference; lastKnownFileType = sourcecode.swift; path = UIViewControllerExtension.swift; sourceTree = "<group>"; };
		E333C7A02D0F0C410062FDA0 /* TimerService.swift */ = {isa = PBXFileReference; lastKnownFileType = sourcecode.swift; path = TimerService.swift; sourceTree = "<group>"; };
		E333C7A22D0F12530062FDA0 /* HeartLottie.json */ = {isa = PBXFileReference; fileEncoding = 4; lastKnownFileType = text.json; path = HeartLottie.json; sourceTree = "<group>"; };
/* End PBXFileReference section */

/* Begin PBXFrameworksBuildPhase section */
		E333C7392D0ED5650062FDA0 /* Frameworks */ = {
			isa = PBXFrameworksBuildPhase;
			buildActionMask = 2147483647;
			files = (
				E333C7872D0EED5E0062FDA0 /* Lottie in Frameworks */,
			);
			runOnlyForDeploymentPostprocessing = 0;
		};
		E333C74F2D0ED5660062FDA0 /* Frameworks */ = {
			isa = PBXFrameworksBuildPhase;
			buildActionMask = 2147483647;
			files = (
			);
			runOnlyForDeploymentPostprocessing = 0;
		};
		E333C7592D0ED5660062FDA0 /* Frameworks */ = {
			isa = PBXFrameworksBuildPhase;
			buildActionMask = 2147483647;
			files = (
			);
			runOnlyForDeploymentPostprocessing = 0;
		};
/* End PBXFrameworksBuildPhase section */

/* Begin PBXGroup section */
		E333C7332D0ED5640062FDA0 = {
			isa = PBXGroup;
			children = (
				E333C73E2D0ED5650062FDA0 /* TikTokSampleApp */,
				E333C7552D0ED5660062FDA0 /* TikTokSampleAppTests */,
				E333C75F2D0ED5660062FDA0 /* TikTokSampleAppUITests */,
				E333C73D2D0ED5650062FDA0 /* Products */,
			);
			sourceTree = "<group>";
		};
		E333C73D2D0ED5650062FDA0 /* Products */ = {
			isa = PBXGroup;
			children = (
				E333C73C2D0ED5650062FDA0 /* TikTokSampleApp.app */,
				E333C7522D0ED5660062FDA0 /* TikTokSampleAppTests.xctest */,
				E333C75C2D0ED5660062FDA0 /* TikTokSampleAppUITests.xctest */,
			);
			name = Products;
			sourceTree = "<group>";
		};
		E333C73E2D0ED5650062FDA0 /* TikTokSampleApp */ = {
			isa = PBXGroup;
			children = (
				E333C79F2D0F0AB90062FDA0 /* JSONFiles */,
				E333C79E2D0F0AA50062FDA0 /* Services */,
				E333C79D2D0F0A850062FDA0 /* CustomViews */,
				E333C79C2D0F0A5C0062FDA0 /* ViewController */,
				E333C79B2D0F0A500062FDA0 /* ViewModel */,
				E333C79A2D0F0A3D0062FDA0 /* Model */,
				E333C7992D0F0A2F0062FDA0 /* Constants */,
				E333C7982D0F0A180062FDA0 /* CollectionViewCells */,
				E333C7972D0F09FA0062FDA0 /* TableViewCells */,
				E333C7962D0F09D90062FDA0 /* Extensions */,
				E333C73F2D0ED5650062FDA0 /* AppDelegate.swift */,
				E333C7412D0ED5650062FDA0 /* SceneDelegate.swift */,
				E333C7452D0ED5650062FDA0 /* Main.storyboard */,
				E333C7482D0ED5650062FDA0 /* Assets.xcassets */,
				E333C74A2D0ED5650062FDA0 /* LaunchScreen.storyboard */,
				E333C74D2D0ED5650062FDA0 /* Info.plist */,
			);
			path = TikTokSampleApp;
			sourceTree = "<group>";
		};
		E333C7552D0ED5660062FDA0 /* TikTokSampleAppTests */ = {
			isa = PBXGroup;
			children = (
				E333C7562D0ED5660062FDA0 /* TikTokSampleAppTests.swift */,
			);
			path = TikTokSampleAppTests;
			sourceTree = "<group>";
		};
		E333C75F2D0ED5660062FDA0 /* TikTokSampleAppUITests */ = {
			isa = PBXGroup;
			children = (
				E333C7602D0ED5660062FDA0 /* TikTokSampleAppUITests.swift */,
				E333C7622D0ED5660062FDA0 /* TikTokSampleAppUITestsLaunchTests.swift */,
			);
			path = TikTokSampleAppUITests;
			sourceTree = "<group>";
		};
		E333C7962D0F09D90062FDA0 /* Extensions */ = {
			isa = PBXGroup;
			children = (
				E333C7942D0F04DA0062FDA0 /* UIViewControllerExtension.swift */,
				E333C7922D0F03290062FDA0 /* UIViewExtension.swift */,
				E333C78C2D0EF2310062FDA0 /* UIImageExtension.swift */,
			);
			path = Extensions;
			sourceTree = "<group>";
		};
		E333C7972D0F09FA0062FDA0 /* TableViewCells */ = {
			isa = PBXGroup;
			children = (
				E333C7892D0EEDC20062FDA0 /* CommentsTableViewCell.xib */,
				E333C7882D0EEDC20062FDA0 /* CommentsTableViewCell.swift */,
			);
			path = TableViewCells;
			sourceTree = "<group>";
		};
		E333C7982D0F0A180062FDA0 /* CollectionViewCells */ = {
			isa = PBXGroup;
			children = (
				E333C7702D0ED6ED0062FDA0 /* TikTokCollectionViewCell.xib */,
				E333C76F2D0ED6ED0062FDA0 /* TikTokCollectionViewCell.swift */,
			);
			path = CollectionViewCells;
			sourceTree = "<group>";
		};
		E333C7992D0F0A2F0062FDA0 /* Constants */ = {
			isa = PBXGroup;
			children = (
				E333C7772D0ED9370062FDA0 /* String.swift */,
				E333C7832D0EE3490062FDA0 /* CommonError.swift */,
			);
			path = Constants;
			sourceTree = "<group>";
		};
		E333C79A2D0F0A3D0062FDA0 /* Model */ = {
			isa = PBXGroup;
			children = (
				E333C77B2D0EDAF50062FDA0 /* VideoModelData.swift */,
				E333C77E2D0EDB0F0062FDA0 /* CommentModelData.swift */,
			);
			path = Model;
			sourceTree = "<group>";
		};
		E333C79B2D0F0A500062FDA0 /* ViewModel */ = {
			isa = PBXGroup;
			children = (
				E333C7812D0EE0D10062FDA0 /* TikTokViewModel.swift */,
			);
			path = ViewModel;
			sourceTree = "<group>";
		};
		E333C79C2D0F0A5C0062FDA0 /* ViewController */ = {
			isa = PBXGroup;
			children = (
				E333C7432D0ED5650062FDA0 /* ViewController.swift */,
			);
			path = ViewController;
			sourceTree = "<group>";
		};
		E333C79D2D0F0A850062FDA0 /* CustomViews */ = {
			isa = PBXGroup;
			children = (
				E333C7902D0F00450062FDA0 /* CustomCommentView.xib */,
				E333C78E2D0F00360062FDA0 /* CustomCommentView.swift */,
			);
			path = CustomViews;
			sourceTree = "<group>";
		};
		E333C79E2D0F0AA50062FDA0 /* Services */ = {
			isa = PBXGroup;
			children = (
				E333C7792D0ED9FF0062FDA0 /* VideoService.swift */,
				E333C7A02D0F0C410062FDA0 /* TimerService.swift */,
			);
			path = Services;
			sourceTree = "<group>";
		};
		E333C79F2D0F0AB90062FDA0 /* JSONFiles */ = {
			isa = PBXGroup;
			children = (
				E333C7A22D0F12530062FDA0 /* HeartLottie.json */,
				E333C7752D0ED8D70062FDA0 /* CommentData.json */,
				E333C7732D0ED89F0062FDA0 /* VideoData.json */,
			);
			path = JSONFiles;
			sourceTree = "<group>";
		};
/* End PBXGroup section */

/* Begin PBXNativeTarget section */
		E333C73B2D0ED5650062FDA0 /* TikTokSampleApp */ = {
			isa = PBXNativeTarget;
			buildConfigurationList = E333C7662D0ED5660062FDA0 /* Build configuration list for PBXNativeTarget "TikTokSampleApp" */;
			buildPhases = (
				E333C7382D0ED5650062FDA0 /* Sources */,
				E333C7392D0ED5650062FDA0 /* Frameworks */,
				E333C73A2D0ED5650062FDA0 /* Resources */,
			);
			buildRules = (
			);
			dependencies = (
			);
			name = TikTokSampleApp;
			packageProductDependencies = (
				E333C7862D0EED5E0062FDA0 /* Lottie */,
			);
			productName = TikTokSampleApp;
			productReference = E333C73C2D0ED5650062FDA0 /* TikTokSampleApp.app */;
			productType = "com.apple.product-type.application";
		};
		E333C7512D0ED5660062FDA0 /* TikTokSampleAppTests */ = {
			isa = PBXNativeTarget;
			buildConfigurationList = E333C7692D0ED5660062FDA0 /* Build configuration list for PBXNativeTarget "TikTokSampleAppTests" */;
			buildPhases = (
				E333C74E2D0ED5660062FDA0 /* Sources */,
				E333C74F2D0ED5660062FDA0 /* Frameworks */,
				E333C7502D0ED5660062FDA0 /* Resources */,
			);
			buildRules = (
			);
			dependencies = (
				E333C7542D0ED5660062FDA0 /* PBXTargetDependency */,
			);
			name = TikTokSampleAppTests;
			productName = TikTokSampleAppTests;
			productReference = E333C7522D0ED5660062FDA0 /* TikTokSampleAppTests.xctest */;
			productType = "com.apple.product-type.bundle.unit-test";
		};
		E333C75B2D0ED5660062FDA0 /* TikTokSampleAppUITests */ = {
			isa = PBXNativeTarget;
			buildConfigurationList = E333C76C2D0ED5660062FDA0 /* Build configuration list for PBXNativeTarget "TikTokSampleAppUITests" */;
			buildPhases = (
				E333C7582D0ED5660062FDA0 /* Sources */,
				E333C7592D0ED5660062FDA0 /* Frameworks */,
				E333C75A2D0ED5660062FDA0 /* Resources */,
			);
			buildRules = (
			);
			dependencies = (
				E333C75E2D0ED5660062FDA0 /* PBXTargetDependency */,
			);
			name = TikTokSampleAppUITests;
			productName = TikTokSampleAppUITests;
			productReference = E333C75C2D0ED5660062FDA0 /* TikTokSampleAppUITests.xctest */;
			productType = "com.apple.product-type.bundle.ui-testing";
		};
/* End PBXNativeTarget section */

/* Begin PBXProject section */
		E333C7342D0ED5640062FDA0 /* Project object */ = {
			isa = PBXProject;
			attributes = {
				BuildIndependentTargetsInParallel = 1;
				LastSwiftUpdateCheck = 1520;
				LastUpgradeCheck = 1520;
				TargetAttributes = {
					E333C73B2D0ED5650062FDA0 = {
						CreatedOnToolsVersion = 15.2;
					};
					E333C7512D0ED5660062FDA0 = {
						CreatedOnToolsVersion = 15.2;
						TestTargetID = E333C73B2D0ED5650062FDA0;
					};
					E333C75B2D0ED5660062FDA0 = {
						CreatedOnToolsVersion = 15.2;
						TestTargetID = E333C73B2D0ED5650062FDA0;
					};
				};
			};
			buildConfigurationList = E333C7372D0ED5640062FDA0 /* Build configuration list for PBXProject "TikTokSampleApp" */;
			compatibilityVersion = "Xcode 14.0";
			developmentRegion = en;
			hasScannedForEncodings = 0;
			knownRegions = (
				en,
				Base,
			);
			mainGroup = E333C7332D0ED5640062FDA0;
			packageReferences = (
				E333C7852D0EED5E0062FDA0 /* XCRemoteSwiftPackageReference "lottie-spm" */,
			);
			productRefGroup = E333C73D2D0ED5650062FDA0 /* Products */;
			projectDirPath = "";
			projectRoot = "";
			targets = (
				E333C73B2D0ED5650062FDA0 /* TikTokSampleApp */,
				E333C7512D0ED5660062FDA0 /* TikTokSampleAppTests */,
				E333C75B2D0ED5660062FDA0 /* TikTokSampleAppUITests */,
			);
		};
/* End PBXProject section */

/* Begin PBXResourcesBuildPhase section */
		E333C73A2D0ED5650062FDA0 /* Resources */ = {
			isa = PBXResourcesBuildPhase;
			buildActionMask = 2147483647;
			files = (
				E333C74C2D0ED5650062FDA0 /* LaunchScreen.storyboard in Resources */,
				E333C7762D0ED8D70062FDA0 /* CommentData.json in Resources */,
				E333C7492D0ED5650062FDA0 /* Assets.xcassets in Resources */,
				E333C7722D0ED6ED0062FDA0 /* TikTokCollectionViewCell.xib in Resources */,
				E333C7742D0ED89F0062FDA0 /* VideoData.json in Resources */,
				E333C7472D0ED5650062FDA0 /* Main.storyboard in Resources */,
				E333C7A32D0F12540062FDA0 /* HeartLottie.json in Resources */,
				E333C78B2D0EEDC20062FDA0 /* CommentsTableViewCell.xib in Resources */,
				E333C7912D0F00450062FDA0 /* CustomCommentView.xib in Resources */,
			);
			runOnlyForDeploymentPostprocessing = 0;
		};
		E333C7502D0ED5660062FDA0 /* Resources */ = {
			isa = PBXResourcesBuildPhase;
			buildActionMask = 2147483647;
			files = (
			);
			runOnlyForDeploymentPostprocessing = 0;
		};
		E333C75A2D0ED5660062FDA0 /* Resources */ = {
			isa = PBXResourcesBuildPhase;
			buildActionMask = 2147483647;
			files = (
			);
			runOnlyForDeploymentPostprocessing = 0;
		};
/* End PBXResourcesBuildPhase section */

/* Begin PBXSourcesBuildPhase section */
		E333C7382D0ED5650062FDA0 /* Sources */ = {
			isa = PBXSourcesBuildPhase;
			buildActionMask = 2147483647;
			files = (
				E333C7442D0ED5650062FDA0 /* ViewController.swift in Sources */,
				E333C7822D0EE0D10062FDA0 /* TikTokViewModel.swift in Sources */,
				E333C7952D0F04DA0062FDA0 /* UIViewControllerExtension.swift in Sources */,
				E333C77D2D0EDAF50062FDA0 /* VideoModelData.swift in Sources */,
				E333C77A2D0ED9FF0062FDA0 /* VideoService.swift in Sources */,
				E333C7932D0F03290062FDA0 /* UIViewExtension.swift in Sources */,
				E333C7402D0ED5650062FDA0 /* AppDelegate.swift in Sources */,
				E333C7842D0EE3490062FDA0 /* CommonError.swift in Sources */,
				E333C7782D0ED9370062FDA0 /* String.swift in Sources */,
				E333C7712D0ED6ED0062FDA0 /* TikTokCollectionViewCell.swift in Sources */,
				E333C7422D0ED5650062FDA0 /* SceneDelegate.swift in Sources */,
				E333C78F2D0F00360062FDA0 /* CustomCommentView.swift in Sources */,
				E333C77F2D0EDB0F0062FDA0 /* CommentModelData.swift in Sources */,
				E333C78A2D0EEDC20062FDA0 /* CommentsTableViewCell.swift in Sources */,
				E333C78D2D0EF2310062FDA0 /* UIImageExtension.swift in Sources */,
				E333C7A12D0F0C410062FDA0 /* TimerService.swift in Sources */,
			);
			runOnlyForDeploymentPostprocessing = 0;
		};
		E333C74E2D0ED5660062FDA0 /* Sources */ = {
			isa = PBXSourcesBuildPhase;
			buildActionMask = 2147483647;
			files = (
				E333C7572D0ED5660062FDA0 /* TikTokSampleAppTests.swift in Sources */,
			);
			runOnlyForDeploymentPostprocessing = 0;
		};
		E333C7582D0ED5660062FDA0 /* Sources */ = {
			isa = PBXSourcesBuildPhase;
			buildActionMask = 2147483647;
			files = (
				E333C7632D0ED5660062FDA0 /* TikTokSampleAppUITestsLaunchTests.swift in Sources */,
				E333C7612D0ED5660062FDA0 /* TikTokSampleAppUITests.swift in Sources */,
			);
			runOnlyForDeploymentPostprocessing = 0;
		};
/* End PBXSourcesBuildPhase section */

/* Begin PBXTargetDependency section */
		E333C7542D0ED5660062FDA0 /* PBXTargetDependency */ = {
			isa = PBXTargetDependency;
			target = E333C73B2D0ED5650062FDA0 /* TikTokSampleApp */;
			targetProxy = E333C7532D0ED5660062FDA0 /* PBXContainerItemProxy */;
		};
		E333C75E2D0ED5660062FDA0 /* PBXTargetDependency */ = {
			isa = PBXTargetDependency;
			target = E333C73B2D0ED5650062FDA0 /* TikTokSampleApp */;
			targetProxy = E333C75D2D0ED5660062FDA0 /* PBXContainerItemProxy */;
		};
/* End PBXTargetDependency section */

/* Begin PBXVariantGroup section */
		E333C7452D0ED5650062FDA0 /* Main.storyboard */ = {
			isa = PBXVariantGroup;
			children = (
				E333C7462D0ED5650062FDA0 /* Base */,
			);
			name = Main.storyboard;
			sourceTree = "<group>";
		};
		E333C74A2D0ED5650062FDA0 /* LaunchScreen.storyboard */ = {
			isa = PBXVariantGroup;
			children = (
				E333C74B2D0ED5650062FDA0 /* Base */,
			);
			name = LaunchScreen.storyboard;
			sourceTree = "<group>";
		};
		E333C77B2D0EDAF50062FDA0 /* VideoModelData.swift */ = {
			isa = PBXVariantGroup;
			children = (
				E333C77C2D0EDAF50062FDA0 /* Base */,
			);
			name = VideoModelData.swift;
			sourceTree = "<group>";
		};
/* End PBXVariantGroup section */

/* Begin XCBuildConfiguration section */
		E333C7642D0ED5660062FDA0 /* Debug */ = {
			isa = XCBuildConfiguration;
			buildSettings = {
				ALWAYS_SEARCH_USER_PATHS = NO;
				ASSETCATALOG_COMPILER_GENERATE_SWIFT_ASSET_SYMBOL_EXTENSIONS = YES;
				CLANG_ANALYZER_NONNULL = YES;
				CLANG_ANALYZER_NUMBER_OBJECT_CONVERSION = YES_AGGRESSIVE;
				CLANG_CXX_LANGUAGE_STANDARD = "gnu++20";
				CLANG_ENABLE_MODULES = YES;
				CLANG_ENABLE_OBJC_ARC = YES;
				CLANG_ENABLE_OBJC_WEAK = YES;
				CLANG_WARN_BLOCK_CAPTURE_AUTORELEASING = YES;
				CLANG_WARN_BOOL_CONVERSION = YES;
				CLANG_WARN_COMMA = YES;
				CLANG_WARN_CONSTANT_CONVERSION = YES;
				CLANG_WARN_DEPRECATED_OBJC_IMPLEMENTATIONS = YES;
				CLANG_WARN_DIRECT_OBJC_ISA_USAGE = YES_ERROR;
				CLANG_WARN_DOCUMENTATION_COMMENTS = YES;
				CLANG_WARN_EMPTY_BODY = YES;
				CLANG_WARN_ENUM_CONVERSION = YES;
				CLANG_WARN_INFINITE_RECURSION = YES;
				CLANG_WARN_INT_CONVERSION = YES;
				CLANG_WARN_NON_LITERAL_NULL_CONVERSION = YES;
				CLANG_WARN_OBJC_IMPLICIT_RETAIN_SELF = YES;
				CLANG_WARN_OBJC_LITERAL_CONVERSION = YES;
				CLANG_WARN_OBJC_ROOT_CLASS = YES_ERROR;
				CLANG_WARN_QUOTED_INCLUDE_IN_FRAMEWORK_HEADER = YES;
				CLANG_WARN_RANGE_LOOP_ANALYSIS = YES;
				CLANG_WARN_STRICT_PROTOTYPES = YES;
				CLANG_WARN_SUSPICIOUS_MOVE = YES;
				CLANG_WARN_UNGUARDED_AVAILABILITY = YES_AGGRESSIVE;
				CLANG_WARN_UNREACHABLE_CODE = YES;
				CLANG_WARN__DUPLICATE_METHOD_MATCH = YES;
				COPY_PHASE_STRIP = NO;
				DEBUG_INFORMATION_FORMAT = dwarf;
				ENABLE_STRICT_OBJC_MSGSEND = YES;
				ENABLE_TESTABILITY = YES;
				ENABLE_USER_SCRIPT_SANDBOXING = YES;
				GCC_C_LANGUAGE_STANDARD = gnu17;
				GCC_DYNAMIC_NO_PIC = NO;
				GCC_NO_COMMON_BLOCKS = YES;
				GCC_OPTIMIZATION_LEVEL = 0;
				GCC_PREPROCESSOR_DEFINITIONS = (
					"DEBUG=1",
					"$(inherited)",
				);
				GCC_WARN_64_TO_32_BIT_CONVERSION = YES;
				GCC_WARN_ABOUT_RETURN_TYPE = YES_ERROR;
				GCC_WARN_UNDECLARED_SELECTOR = YES;
				GCC_WARN_UNINITIALIZED_AUTOS = YES_AGGRESSIVE;
				GCC_WARN_UNUSED_FUNCTION = YES;
				GCC_WARN_UNUSED_VARIABLE = YES;
				IPHONEOS_DEPLOYMENT_TARGET = 17.2;
				LOCALIZATION_PREFERS_STRING_CATALOGS = YES;
				MTL_ENABLE_DEBUG_INFO = INCLUDE_SOURCE;
				MTL_FAST_MATH = YES;
				ONLY_ACTIVE_ARCH = YES;
				SDKROOT = iphoneos;
				SWIFT_ACTIVE_COMPILATION_CONDITIONS = "DEBUG $(inherited)";
				SWIFT_OPTIMIZATION_LEVEL = "-Onone";
			};
			name = Debug;
		};
		E333C7652D0ED5660062FDA0 /* Release */ = {
			isa = XCBuildConfiguration;
			buildSettings = {
				ALWAYS_SEARCH_USER_PATHS = NO;
				ASSETCATALOG_COMPILER_GENERATE_SWIFT_ASSET_SYMBOL_EXTENSIONS = YES;
				CLANG_ANALYZER_NONNULL = YES;
				CLANG_ANALYZER_NUMBER_OBJECT_CONVERSION = YES_AGGRESSIVE;
				CLANG_CXX_LANGUAGE_STANDARD = "gnu++20";
				CLANG_ENABLE_MODULES = YES;
				CLANG_ENABLE_OBJC_ARC = YES;
				CLANG_ENABLE_OBJC_WEAK = YES;
				CLANG_WARN_BLOCK_CAPTURE_AUTORELEASING = YES;
				CLANG_WARN_BOOL_CONVERSION = YES;
				CLANG_WARN_COMMA = YES;
				CLANG_WARN_CONSTANT_CONVERSION = YES;
				CLANG_WARN_DEPRECATED_OBJC_IMPLEMENTATIONS = YES;
				CLANG_WARN_DIRECT_OBJC_ISA_USAGE = YES_ERROR;
				CLANG_WARN_DOCUMENTATION_COMMENTS = YES;
				CLANG_WARN_EMPTY_BODY = YES;
				CLANG_WARN_ENUM_CONVERSION = YES;
				CLANG_WARN_INFINITE_RECURSION = YES;
				CLANG_WARN_INT_CONVERSION = YES;
				CLANG_WARN_NON_LITERAL_NULL_CONVERSION = YES;
				CLANG_WARN_OBJC_IMPLICIT_RETAIN_SELF = YES;
				CLANG_WARN_OBJC_LITERAL_CONVERSION = YES;
				CLANG_WARN_OBJC_ROOT_CLASS = YES_ERROR;
				CLANG_WARN_QUOTED_INCLUDE_IN_FRAMEWORK_HEADER = YES;
				CLANG_WARN_RANGE_LOOP_ANALYSIS = YES;
				CLANG_WARN_STRICT_PROTOTYPES = YES;
				CLANG_WARN_SUSPICIOUS_MOVE = YES;
				CLANG_WARN_UNGUARDED_AVAILABILITY = YES_AGGRESSIVE;
				CLANG_WARN_UNREACHABLE_CODE = YES;
				CLANG_WARN__DUPLICATE_METHOD_MATCH = YES;
				COPY_PHASE_STRIP = NO;
				DEBUG_INFORMATION_FORMAT = "dwarf-with-dsym";
				ENABLE_NS_ASSERTIONS = NO;
				ENABLE_STRICT_OBJC_MSGSEND = YES;
				ENABLE_USER_SCRIPT_SANDBOXING = YES;
				GCC_C_LANGUAGE_STANDARD = gnu17;
				GCC_NO_COMMON_BLOCKS = YES;
				GCC_WARN_64_TO_32_BIT_CONVERSION = YES;
				GCC_WARN_ABOUT_RETURN_TYPE = YES_ERROR;
				GCC_WARN_UNDECLARED_SELECTOR = YES;
				GCC_WARN_UNINITIALIZED_AUTOS = YES_AGGRESSIVE;
				GCC_WARN_UNUSED_FUNCTION = YES;
				GCC_WARN_UNUSED_VARIABLE = YES;
				IPHONEOS_DEPLOYMENT_TARGET = 17.2;
				LOCALIZATION_PREFERS_STRING_CATALOGS = YES;
				MTL_ENABLE_DEBUG_INFO = NO;
				MTL_FAST_MATH = YES;
				SDKROOT = iphoneos;
				SWIFT_COMPILATION_MODE = wholemodule;
				VALIDATE_PRODUCT = YES;
			};
			name = Release;
		};
		E333C7672D0ED5660062FDA0 /* Debug */ = {
			isa = XCBuildConfiguration;
			buildSettings = {
				ASSETCATALOG_COMPILER_APPICON_NAME = AppIcon;
				ASSETCATALOG_COMPILER_GLOBAL_ACCENT_COLOR_NAME = AccentColor;
				CODE_SIGN_STYLE = Automatic;
				CURRENT_PROJECT_VERSION = 1;
				GENERATE_INFOPLIST_FILE = YES;
				INFOPLIST_FILE = TikTokSampleApp/Info.plist;
				INFOPLIST_KEY_UIApplicationSupportsIndirectInputEvents = YES;
				INFOPLIST_KEY_UILaunchStoryboardName = LaunchScreen;
				INFOPLIST_KEY_UIMainStoryboardFile = Main;
				INFOPLIST_KEY_UISupportedInterfaceOrientations_iPad = "UIInterfaceOrientationPortrait UIInterfaceOrientationPortraitUpsideDown UIInterfaceOrientationLandscapeLeft UIInterfaceOrientationLandscapeRight";
				INFOPLIST_KEY_UISupportedInterfaceOrientations_iPhone = "UIInterfaceOrientationPortrait UIInterfaceOrientationLandscapeLeft UIInterfaceOrientationLandscapeRight";
				LD_RUNPATH_SEARCH_PATHS = (
					"$(inherited)",
					"@executable_path/Frameworks",
				);
				MARKETING_VERSION = 1.0;
				PRODUCT_BUNDLE_IDENTIFIER = com.TikTokSampleApp;
				PRODUCT_NAME = "$(TARGET_NAME)";
				SWIFT_EMIT_LOC_STRINGS = YES;
				SWIFT_VERSION = 5.0;
				TARGETED_DEVICE_FAMILY = "1,2";
			};
			name = Debug;
		};
		E333C7682D0ED5660062FDA0 /* Release */ = {
			isa = XCBuildConfiguration;
			buildSettings = {
				ASSETCATALOG_COMPILER_APPICON_NAME = AppIcon;
				ASSETCATALOG_COMPILER_GLOBAL_ACCENT_COLOR_NAME = AccentColor;
				CODE_SIGN_STYLE = Automatic;
				CURRENT_PROJECT_VERSION = 1;
				GENERATE_INFOPLIST_FILE = YES;
				INFOPLIST_FILE = TikTokSampleApp/Info.plist;
				INFOPLIST_KEY_UIApplicationSupportsIndirectInputEvents = YES;
				INFOPLIST_KEY_UILaunchStoryboardName = LaunchScreen;
				INFOPLIST_KEY_UIMainStoryboardFile = Main;
				INFOPLIST_KEY_UISupportedInterfaceOrientations_iPad = "UIInterfaceOrientationPortrait UIInterfaceOrientationPortraitUpsideDown UIInterfaceOrientationLandscapeLeft UIInterfaceOrientationLandscapeRight";
				INFOPLIST_KEY_UISupportedInterfaceOrientations_iPhone = "UIInterfaceOrientationPortrait UIInterfaceOrientationLandscapeLeft UIInterfaceOrientationLandscapeRight";
				LD_RUNPATH_SEARCH_PATHS = (
					"$(inherited)",
					"@executable_path/Frameworks",
				);
				MARKETING_VERSION = 1.0;
				PRODUCT_BUNDLE_IDENTIFIER = com.TikTokSampleApp;
				PRODUCT_NAME = "$(TARGET_NAME)";
				SWIFT_EMIT_LOC_STRINGS = YES;
				SWIFT_VERSION = 5.0;
				TARGETED_DEVICE_FAMILY = "1,2";
			};
			name = Release;
		};
		E333C76A2D0ED5660062FDA0 /* Debug */ = {
			isa = XCBuildConfiguration;
			buildSettings = {
				ALWAYS_EMBED_SWIFT_STANDARD_LIBRARIES = YES;
				BUNDLE_LOADER = "$(TEST_HOST)";
				CODE_SIGN_STYLE = Automatic;
				CURRENT_PROJECT_VERSION = 1;
				GENERATE_INFOPLIST_FILE = YES;
				IPHONEOS_DEPLOYMENT_TARGET = 17.2;
				MARKETING_VERSION = 1.0;
				PRODUCT_BUNDLE_IDENTIFIER = com.TikTokSampleAppTests;
				PRODUCT_NAME = "$(TARGET_NAME)";
				SWIFT_EMIT_LOC_STRINGS = NO;
				SWIFT_VERSION = 5.0;
				TARGETED_DEVICE_FAMILY = "1,2";
				TEST_HOST = "$(BUILT_PRODUCTS_DIR)/TikTokSampleApp.app/$(BUNDLE_EXECUTABLE_FOLDER_PATH)/TikTokSampleApp";
			};
			name = Debug;
		};
		E333C76B2D0ED5660062FDA0 /* Release */ = {
			isa = XCBuildConfiguration;
			buildSettings = {
				ALWAYS_EMBED_SWIFT_STANDARD_LIBRARIES = YES;
				BUNDLE_LOADER = "$(TEST_HOST)";
				CODE_SIGN_STYLE = Automatic;
				CURRENT_PROJECT_VERSION = 1;
				GENERATE_INFOPLIST_FILE = YES;
				IPHONEOS_DEPLOYMENT_TARGET = 17.2;
				MARKETING_VERSION = 1.0;
				PRODUCT_BUNDLE_IDENTIFIER = com.TikTokSampleAppTests;
				PRODUCT_NAME = "$(TARGET_NAME)";
				SWIFT_EMIT_LOC_STRINGS = NO;
				SWIFT_VERSION = 5.0;
				TARGETED_DEVICE_FAMILY = "1,2";
				TEST_HOST = "$(BUILT_PRODUCTS_DIR)/TikTokSampleApp.app/$(BUNDLE_EXECUTABLE_FOLDER_PATH)/TikTokSampleApp";
			};
			name = Release;
		};
		E333C76D2D0ED5660062FDA0 /* Debug */ = {
			isa = XCBuildConfiguration;
			buildSettings = {
				ALWAYS_EMBED_SWIFT_STANDARD_LIBRARIES = YES;
				CODE_SIGN_STYLE = Automatic;
				CURRENT_PROJECT_VERSION = 1;
				GENERATE_INFOPLIST_FILE = YES;
				MARKETING_VERSION = 1.0;
				PRODUCT_BUNDLE_IDENTIFIER = com.TikTokSampleAppUITests;
				PRODUCT_NAME = "$(TARGET_NAME)";
				SWIFT_EMIT_LOC_STRINGS = NO;
				SWIFT_VERSION = 5.0;
				TARGETED_DEVICE_FAMILY = "1,2";
				TEST_TARGET_NAME = TikTokSampleApp;
			};
			name = Debug;
		};
		E333C76E2D0ED5660062FDA0 /* Release */ = {
			isa = XCBuildConfiguration;
			buildSettings = {
				ALWAYS_EMBED_SWIFT_STANDARD_LIBRARIES = YES;
				CODE_SIGN_STYLE = Automatic;
				CURRENT_PROJECT_VERSION = 1;
				GENERATE_INFOPLIST_FILE = YES;
				MARKETING_VERSION = 1.0;
				PRODUCT_BUNDLE_IDENTIFIER = com.TikTokSampleAppUITests;
				PRODUCT_NAME = "$(TARGET_NAME)";
				SWIFT_EMIT_LOC_STRINGS = NO;
				SWIFT_VERSION = 5.0;
				TARGETED_DEVICE_FAMILY = "1,2";
				TEST_TARGET_NAME = TikTokSampleApp;
			};
			name = Release;
		};
/* End XCBuildConfiguration section */

/* Begin XCConfigurationList section */
		E333C7372D0ED5640062FDA0 /* Build configuration list for PBXProject "TikTokSampleApp" */ = {
			isa = XCConfigurationList;
			buildConfigurations = (
				E333C7642D0ED5660062FDA0 /* Debug */,
				E333C7652D0ED5660062FDA0 /* Release */,
			);
			defaultConfigurationIsVisible = 0;
			defaultConfigurationName = Release;
		};
		E333C7662D0ED5660062FDA0 /* Build configuration list for PBXNativeTarget "TikTokSampleApp" */ = {
			isa = XCConfigurationList;
			buildConfigurations = (
				E333C7672D0ED5660062FDA0 /* Debug */,
				E333C7682D0ED5660062FDA0 /* Release */,
			);
			defaultConfigurationIsVisible = 0;
			defaultConfigurationName = Release;
		};
		E333C7692D0ED5660062FDA0 /* Build configuration list for PBXNativeTarget "TikTokSampleAppTests" */ = {
			isa = XCConfigurationList;
			buildConfigurations = (
				E333C76A2D0ED5660062FDA0 /* Debug */,
				E333C76B2D0ED5660062FDA0 /* Release */,
			);
			defaultConfigurationIsVisible = 0;
			defaultConfigurationName = Release;
		};
		E333C76C2D0ED5660062FDA0 /* Build configuration list for PBXNativeTarget "TikTokSampleAppUITests" */ = {
			isa = XCConfigurationList;
			buildConfigurations = (
				E333C76D2D0ED5660062FDA0 /* Debug */,
				E333C76E2D0ED5660062FDA0 /* Release */,
			);
			defaultConfigurationIsVisible = 0;
			defaultConfigurationName = Release;
		};
/* End XCConfigurationList section */

/* Begin XCRemoteSwiftPackageReference section */
		E333C7852D0EED5E0062FDA0 /* XCRemoteSwiftPackageReference "lottie-spm" */ = {
			isa = XCRemoteSwiftPackageReference;
			repositoryURL = "https://github.com/airbnb/lottie-spm.git";
			requirement = {
				kind = upToNextMajorVersion;
				minimumVersion = 4.5.0;
			};
		};
/* End XCRemoteSwiftPackageReference section */

/* Begin XCSwiftPackageProductDependency section */
		E333C7862D0EED5E0062FDA0 /* Lottie */ = {
			isa = XCSwiftPackageProductDependency;
			package = E333C7852D0EED5E0062FDA0 /* XCRemoteSwiftPackageReference "lottie-spm" */;
			productName = Lottie;
		};
/* End XCSwiftPackageProductDependency section */
	};
	rootObject = E333C7342D0ED5640062FDA0 /* Project object */;
}
